{
   "name": "ajs-01",
   "version": "1.0.0",
   "lockfileVersion": 3,
   "requires": true,
   "packages": {
      "": {
         "name": "ajs-01",
         "version": "1.0.0",
         "license": "ISC",
         "dependencies": {
            "@demargorn/ajs": "^1.0.0"
         }
      },
      "node_modules/@demargorn/ajs": {
         "version": "1.0.0",
         "resolved": "https://npm.pkg.github.com/download/@demargorn/ajs/1.0.0/a8e37c1de0e0a920bee242d6082ccee422c3753c",
         "integrity": "sha512-Anlc4cW6N9PJE1M2skK96VRaPtBKCMYGsp5eVxCLbpELfOoWy+nYnsBW4WwtNyBsF/bw8c3C+d/H9fZ8qYfHGA==",
         "license": "ISC"
      }
   }
}
