{
  "name": "ajs-01",
  "version": "1.0.0",
  "lockfileVersion": 3,
  "requires": true,
  "packages": {
    "": {
      "name": "ajs-01",
      "version": "1.0.0",
      "license": "ISC",
      "dependencies": {
        "@demargorn/ajs": "^1.0.0"
      }
    },
    "node_modules/@demargorn/ajs": {
      "version": "1.0.0",
      "resolved": "https://npm.pkg.github.com/download/@demargorn/ajs/1.0.0/62f4740cdf1a1cb4b115ad682af30df161332fa4",
      "integrity": "sha512-HI5erM6RYvWtXiBFS4tPmmYfa8e8M7VOTMXnwwFmD37LW2MLFJiXKSv+Y4edvs8QwoiipHiKyVY/WwRWitV23Q==",
      "license": "ISC"
    }
  }
}
